// !$*UTF8*$!
{
	archiveVersion = 1;
	classes = {
	};
	objectVersion = 45;
	objects = {

/* Begin PBXBuildFile section */
		1D3623260D0F684500981E51 /* Flat_10C_AppDelegate.m in Sources */ = {isa = PBXBuildFile; fileRef = 1D3623250D0F684500981E51 /* Flat_10C_AppDelegate.m */; };
		1D60589B0D05DD56006BFB54 /* main.m in Sources */ = {isa = PBXBuildFile; fileRef = 29B97316FDCFA39411CA2CEA /* main.m */; };
		1D60589F0D05DD5A006BFB54 /* Foundation.framework in Frameworks */ = {isa = PBXBuildFile; fileRef = 1D30AB110D05D00D00671497 /* Foundation.framework */; };
		1DF5F4E00D08C38300B7A737 /* UIKit.framework in Frameworks */ = {isa = PBXBuildFile; fileRef = 1DF5F4DF0D08C38300B7A737 /* UIKit.framework */; };
		209DD709131BFC1400D87354 /* MainWindow.xib in Resources */ = {isa = PBXBuildFile; fileRef = 28AD733E0D9D9553002E5188 /* MainWindow.xib */; };
		209DD70A131BFC1400D87354 /* Flat_10C_ViewController.xib in Resources */ = {isa = PBXBuildFile; fileRef = 2899E5210DE3E06400AC0155 /* Flat_10C_ViewController.xib */; };
		209DD70B131BFC1400D87354 /* cross.png in Resources */ = {isa = PBXBuildFile; fileRef = 9874AAFE127DEB3E00D34541 /* cross.png */; };
		209DD70C131BFC1400D87354 /* sliderThumb.png in Resources */ = {isa = PBXBuildFile; fileRef = 9874AAFF127DEB3E00D34541 /* sliderThumb.png */; };
		209DD70D131BFC1400D87354 /* sliderTrack.png in Resources */ = {isa = PBXBuildFile; fileRef = 9874AB00127DEB3E00D34541 /* sliderTrack.png */; };
		209DD70E131BFC1400D87354 /* tick.png in Resources */ = {isa = PBXBuildFile; fileRef = 9874AB01127DEB3E00D34541 /* tick.png */; };
		209DD70F131BFC1400D87354 /* Icon.png in Resources */ = {isa = PBXBuildFile; fileRef = 98A19E9C127E8DB100D33641 /* Icon.png */; };
		209DD710131BFC1400D87354 /* Settings.bundle in Resources */ = {isa = PBXBuildFile; fileRef = 9890D041127EB5B400DE7FE0 /* Settings.bundle */; };
		209DD711131BFC1400D87354 /* IASKAppSettingsView.xib in Resources */ = {isa = PBXBuildFile; fileRef = 9890D0AA127EC5E200DE7FE0 /* IASKAppSettingsView.xib */; };
		209DD712131BFC1400D87354 /* IASKPSSliderSpecifierViewCell.xib in Resources */ = {isa = PBXBuildFile; fileRef = 9890D0AB127EC5E200DE7FE0 /* IASKPSSliderSpecifierViewCell.xib */; };
		209DD713131BFC1400D87354 /* IASKPSTextFieldSpecifierViewCell.xib in Resources */ = {isa = PBXBuildFile; fileRef = 9890D0AC127EC5E200DE7FE0 /* IASKPSTextFieldSpecifierViewCell.xib */; };
		209DD714131BFC1400D87354 /* IASKPSToggleSwitchSpecifierViewCell.xib in Resources */ = {isa = PBXBuildFile; fileRef = 9890D0AD127EC5E200DE7FE0 /* IASKPSToggleSwitchSpecifierViewCell.xib */; };
		209DD715131BFC1400D87354 /* IASKSpecifierValuesView.xib in Resources */ = {isa = PBXBuildFile; fileRef = 9890D0AE127EC5E200DE7FE0 /* IASKSpecifierValuesView.xib */; };
		209DD716131BFC1400D87354 /* Default.png in Resources */ = {isa = PBXBuildFile; fileRef = 9897D57712CA5C8700B20D0C /* Default.png */; };
		209DD718131BFC1400D87354 /* main.m in Sources */ = {isa = PBXBuildFile; fileRef = 29B97316FDCFA39411CA2CEA /* main.m */; };
		209DD719131BFC1400D87354 /* Flat_10C_AppDelegate.m in Sources */ = {isa = PBXBuildFile; fileRef = 1D3623250D0F684500981E51 /* Flat_10C_AppDelegate.m */; };
		209DD71A131BFC1400D87354 /* Flat_10C_ViewController.m in Sources */ = {isa = PBXBuildFile; fileRef = 28D7ACF70DDB3853001CB0EB /* Flat_10C_ViewController.m */; };
		209DD71B131BFC1400D87354 /* SlideToCancelViewController.m in Sources */ = {isa = PBXBuildFile; fileRef = 9874A9B6127DD2DF00D34541 /* SlideToCancelViewController.m */; };
		209DD71C131BFC1400D87354 /* ASIAuthenticationDialog.m in Sources */ = {isa = PBXBuildFile; fileRef = 9874AA20127DD8C400D34541 /* ASIAuthenticationDialog.m */; };
		209DD71D131BFC1400D87354 /* ASIDownloadCache.m in Sources */ = {isa = PBXBuildFile; fileRef = 9874AA23127DD8C400D34541 /* ASIDownloadCache.m */; };
		209DD71E131BFC1400D87354 /* ASIFormDataRequest.m in Sources */ = {isa = PBXBuildFile; fileRef = 9874AA25127DD8C400D34541 /* ASIFormDataRequest.m */; };
		209DD71F131BFC1400D87354 /* ASIHTTPRequest.m in Sources */ = {isa = PBXBuildFile; fileRef = 9874AA27127DD8C400D34541 /* ASIHTTPRequest.m */; };
		209DD720131BFC1400D87354 /* ASIInputStream.m in Sources */ = {isa = PBXBuildFile; fileRef = 9874AA2B127DD8C400D34541 /* ASIInputStream.m */; };
		209DD721131BFC1400D87354 /* ASINetworkQueue.m in Sources */ = {isa = PBXBuildFile; fileRef = 9874AA2D127DD8C400D34541 /* ASINetworkQueue.m */; };
		209DD722131BFC1400D87354 /* Reachability.m in Sources */ = {isa = PBXBuildFile; fileRef = 9874AA3F127DD8F300D34541 /* Reachability.m */; };
		209DD723131BFC1400D87354 /* IASKAppSettingsViewController.m in Sources */ = {isa = PBXBuildFile; fileRef = 9890D092127EC5E200DE7FE0 /* IASKAppSettingsViewController.m */; };
		209DD724131BFC1400D87354 /* IASKSpecifierValuesViewController.m in Sources */ = {isa = PBXBuildFile; fileRef = 9890D094127EC5E200DE7FE0 /* IASKSpecifierValuesViewController.m */; };
		209DD725131BFC1400D87354 /* IASKSettingsReader.m in Sources */ = {isa = PBXBuildFile; fileRef = 9890D097127EC5E200DE7FE0 /* IASKSettingsReader.m */; };
		209DD726131BFC1400D87354 /* IASKSpecifier.m in Sources */ = {isa = PBXBuildFile; fileRef = 9890D099127EC5E200DE7FE0 /* IASKSpecifier.m */; };
		209DD727131BFC1400D87354 /* IASKPSSliderSpecifierViewCell.m in Sources */ = {isa = PBXBuildFile; fileRef = 9890D09C127EC5E200DE7FE0 /* IASKPSSliderSpecifierViewCell.m */; };
		209DD728131BFC1400D87354 /* IASKPSTextFieldSpecifierViewCell.m in Sources */ = {isa = PBXBuildFile; fileRef = 9890D09E127EC5E200DE7FE0 /* IASKPSTextFieldSpecifierViewCell.m */; };
		209DD729131BFC1400D87354 /* IASKPSTitleValueSpecifierViewCell.m in Sources */ = {isa = PBXBuildFile; fileRef = 9890D0A0127EC5E200DE7FE0 /* IASKPSTitleValueSpecifierViewCell.m */; };
		209DD72A131BFC1400D87354 /* IASKPSToggleSwitchSpecifierViewCell.m in Sources */ = {isa = PBXBuildFile; fileRef = 9890D0A2127EC5E200DE7FE0 /* IASKPSToggleSwitchSpecifierViewCell.m */; };
		209DD72B131BFC1400D87354 /* IASKSlider.m in Sources */ = {isa = PBXBuildFile; fileRef = 9890D0A4127EC5E200DE7FE0 /* IASKSlider.m */; };
		209DD72C131BFC1400D87354 /* IASKSwitch.m in Sources */ = {isa = PBXBuildFile; fileRef = 9890D0A6127EC5E200DE7FE0 /* IASKSwitch.m */; };
		209DD72D131BFC1400D87354 /* IASKTextField.m in Sources */ = {isa = PBXBuildFile; fileRef = 9890D0A8127EC5E200DE7FE0 /* IASKTextField.m */; };
		209DD72F131BFC1400D87354 /* Foundation.framework in Frameworks */ = {isa = PBXBuildFile; fileRef = 1D30AB110D05D00D00671497 /* Foundation.framework */; };
		209DD730131BFC1400D87354 /* UIKit.framework in Frameworks */ = {isa = PBXBuildFile; fileRef = 1DF5F4DF0D08C38300B7A737 /* UIKit.framework */; };
		209DD731131BFC1400D87354 /* CoreGraphics.framework in Frameworks */ = {isa = PBXBuildFile; fileRef = 288765A40DF7441C002DB57D /* CoreGraphics.framework */; };
		209DD732131BFC1400D87354 /* CFNetwork.framework in Frameworks */ = {isa = PBXBuildFile; fileRef = 9874AA4E127DD93A00D34541 /* CFNetwork.framework */; };
		209DD733131BFC1400D87354 /* SystemConfiguration.framework in Frameworks */ = {isa = PBXBuildFile; fileRef = 9874AA50127DD94A00D34541 /* SystemConfiguration.framework */; };
		209DD734131BFC1400D87354 /* MobileCoreServices.framework in Frameworks */ = {isa = PBXBuildFile; fileRef = 9874AA52127DD95300D34541 /* MobileCoreServices.framework */; };
		209DD735131BFC1400D87354 /* libz.1.2.3.dylib in Frameworks */ = {isa = PBXBuildFile; fileRef = 9874AA54127DD96000D34541 /* libz.1.2.3.dylib */; };
		209DD749131BFC6500D87354 /* libUISpec.a in Frameworks */ = {isa = PBXBuildFile; fileRef = 209DD746131BFC5500D87354 /* libUISpec.a */; };
		209DD74C131BFCA300D87354 /* libUISpec.a in Frameworks */ = {isa = PBXBuildFile; fileRef = 209DD746131BFC5500D87354 /* libUISpec.a */; };
		209DD767131BFCD600D87354 /* DescribeFlat10C.m in Sources */ = {isa = PBXBuildFile; fileRef = 209DD766131BFCD600D87354 /* DescribeFlat10C.m */; };
		288765A50DF7441C002DB57D /* CoreGraphics.framework in Frameworks */ = {isa = PBXBuildFile; fileRef = 288765A40DF7441C002DB57D /* CoreGraphics.framework */; };
		2899E5220DE3E06400AC0155 /* Flat_10C_ViewController.xib in Resources */ = {isa = PBXBuildFile; fileRef = 2899E5210DE3E06400AC0155 /* Flat_10C_ViewController.xib */; };
		28AD733F0D9D9553002E5188 /* MainWindow.xib in Resources */ = {isa = PBXBuildFile; fileRef = 28AD733E0D9D9553002E5188 /* MainWindow.xib */; };
		28D7ACF80DDB3853001CB0EB /* Flat_10C_ViewController.m in Sources */ = {isa = PBXBuildFile; fileRef = 28D7ACF70DDB3853001CB0EB /* Flat_10C_ViewController.m */; };
		9874A9B7127DD2DF00D34541 /* SlideToCancelViewController.m in Sources */ = {isa = PBXBuildFile; fileRef = 9874A9B6127DD2DF00D34541 /* SlideToCancelViewController.m */; };
		9874AA2F127DD8C400D34541 /* ASIAuthenticationDialog.m in Sources */ = {isa = PBXBuildFile; fileRef = 9874AA20127DD8C400D34541 /* ASIAuthenticationDialog.m */; };
		9874AA30127DD8C400D34541 /* ASIDownloadCache.m in Sources */ = {isa = PBXBuildFile; fileRef = 9874AA23127DD8C400D34541 /* ASIDownloadCache.m */; };
		9874AA31127DD8C400D34541 /* ASIFormDataRequest.m in Sources */ = {isa = PBXBuildFile; fileRef = 9874AA25127DD8C400D34541 /* ASIFormDataRequest.m */; };
		9874AA32127DD8C400D34541 /* ASIHTTPRequest.m in Sources */ = {isa = PBXBuildFile; fileRef = 9874AA27127DD8C400D34541 /* ASIHTTPRequest.m */; };
		9874AA33127DD8C400D34541 /* ASIInputStream.m in Sources */ = {isa = PBXBuildFile; fileRef = 9874AA2B127DD8C400D34541 /* ASIInputStream.m */; };
		9874AA34127DD8C400D34541 /* ASINetworkQueue.m in Sources */ = {isa = PBXBuildFile; fileRef = 9874AA2D127DD8C400D34541 /* ASINetworkQueue.m */; };
		9874AA40127DD8F300D34541 /* Reachability.m in Sources */ = {isa = PBXBuildFile; fileRef = 9874AA3F127DD8F300D34541 /* Reachability.m */; };
		9874AA4F127DD93A00D34541 /* CFNetwork.framework in Frameworks */ = {isa = PBXBuildFile; fileRef = 9874AA4E127DD93A00D34541 /* CFNetwork.framework */; };
		9874AA51127DD94A00D34541 /* SystemConfiguration.framework in Frameworks */ = {isa = PBXBuildFile; fileRef = 9874AA50127DD94A00D34541 /* SystemConfiguration.framework */; };
		9874AA53127DD95300D34541 /* MobileCoreServices.framework in Frameworks */ = {isa = PBXBuildFile; fileRef = 9874AA52127DD95300D34541 /* MobileCoreServices.framework */; };
		9874AA55127DD96000D34541 /* libz.1.2.3.dylib in Frameworks */ = {isa = PBXBuildFile; fileRef = 9874AA54127DD96000D34541 /* libz.1.2.3.dylib */; };
		9874AB02127DEB3E00D34541 /* cross.png in Resources */ = {isa = PBXBuildFile; fileRef = 9874AAFE127DEB3E00D34541 /* cross.png */; };
		9874AB03127DEB3E00D34541 /* sliderThumb.png in Resources */ = {isa = PBXBuildFile; fileRef = 9874AAFF127DEB3E00D34541 /* sliderThumb.png */; };
		9874AB04127DEB3E00D34541 /* sliderTrack.png in Resources */ = {isa = PBXBuildFile; fileRef = 9874AB00127DEB3E00D34541 /* sliderTrack.png */; };
		9874AB05127DEB3E00D34541 /* tick.png in Resources */ = {isa = PBXBuildFile; fileRef = 9874AB01127DEB3E00D34541 /* tick.png */; };
		9890D042127EB5B400DE7FE0 /* Settings.bundle in Resources */ = {isa = PBXBuildFile; fileRef = 9890D041127EB5B400DE7FE0 /* Settings.bundle */; };
		9890D0AF127EC5E200DE7FE0 /* IASKAppSettingsViewController.m in Sources */ = {isa = PBXBuildFile; fileRef = 9890D092127EC5E200DE7FE0 /* IASKAppSettingsViewController.m */; };
		9890D0B0127EC5E200DE7FE0 /* IASKSpecifierValuesViewController.m in Sources */ = {isa = PBXBuildFile; fileRef = 9890D094127EC5E200DE7FE0 /* IASKSpecifierValuesViewController.m */; };
		9890D0B1127EC5E200DE7FE0 /* IASKSettingsReader.m in Sources */ = {isa = PBXBuildFile; fileRef = 9890D097127EC5E200DE7FE0 /* IASKSettingsReader.m */; };
		9890D0B2127EC5E200DE7FE0 /* IASKSpecifier.m in Sources */ = {isa = PBXBuildFile; fileRef = 9890D099127EC5E200DE7FE0 /* IASKSpecifier.m */; };
		9890D0B3127EC5E200DE7FE0 /* IASKPSSliderSpecifierViewCell.m in Sources */ = {isa = PBXBuildFile; fileRef = 9890D09C127EC5E200DE7FE0 /* IASKPSSliderSpecifierViewCell.m */; };
		9890D0B4127EC5E200DE7FE0 /* IASKPSTextFieldSpecifierViewCell.m in Sources */ = {isa = PBXBuildFile; fileRef = 9890D09E127EC5E200DE7FE0 /* IASKPSTextFieldSpecifierViewCell.m */; };
		9890D0B5127EC5E200DE7FE0 /* IASKPSTitleValueSpecifierViewCell.m in Sources */ = {isa = PBXBuildFile; fileRef = 9890D0A0127EC5E200DE7FE0 /* IASKPSTitleValueSpecifierViewCell.m */; };
		9890D0B6127EC5E200DE7FE0 /* IASKPSToggleSwitchSpecifierViewCell.m in Sources */ = {isa = PBXBuildFile; fileRef = 9890D0A2127EC5E200DE7FE0 /* IASKPSToggleSwitchSpecifierViewCell.m */; };
		9890D0B7127EC5E200DE7FE0 /* IASKSlider.m in Sources */ = {isa = PBXBuildFile; fileRef = 9890D0A4127EC5E200DE7FE0 /* IASKSlider.m */; };
		9890D0B8127EC5E200DE7FE0 /* IASKSwitch.m in Sources */ = {isa = PBXBuildFile; fileRef = 9890D0A6127EC5E200DE7FE0 /* IASKSwitch.m */; };
		9890D0B9127EC5E200DE7FE0 /* IASKTextField.m in Sources */ = {isa = PBXBuildFile; fileRef = 9890D0A8127EC5E200DE7FE0 /* IASKTextField.m */; };
		9890D0BA127EC5E200DE7FE0 /* IASKAppSettingsView.xib in Resources */ = {isa = PBXBuildFile; fileRef = 9890D0AA127EC5E200DE7FE0 /* IASKAppSettingsView.xib */; };
		9890D0BB127EC5E200DE7FE0 /* IASKPSSliderSpecifierViewCell.xib in Resources */ = {isa = PBXBuildFile; fileRef = 9890D0AB127EC5E200DE7FE0 /* IASKPSSliderSpecifierViewCell.xib */; };
		9890D0BC127EC5E200DE7FE0 /* IASKPSTextFieldSpecifierViewCell.xib in Resources */ = {isa = PBXBuildFile; fileRef = 9890D0AC127EC5E200DE7FE0 /* IASKPSTextFieldSpecifierViewCell.xib */; };
		9890D0BD127EC5E200DE7FE0 /* IASKPSToggleSwitchSpecifierViewCell.xib in Resources */ = {isa = PBXBuildFile; fileRef = 9890D0AD127EC5E200DE7FE0 /* IASKPSToggleSwitchSpecifierViewCell.xib */; };
		9890D0BE127EC5E200DE7FE0 /* IASKSpecifierValuesView.xib in Resources */ = {isa = PBXBuildFile; fileRef = 9890D0AE127EC5E200DE7FE0 /* IASKSpecifierValuesView.xib */; };
		9897D57812CA5C8700B20D0C /* Default.png in Resources */ = {isa = PBXBuildFile; fileRef = 9897D57712CA5C8700B20D0C /* Default.png */; };
		98A19E9D127E8DB100D33641 /* Icon.png in Resources */ = {isa = PBXBuildFile; fileRef = 98A19E9C127E8DB100D33641 /* Icon.png */; };
/* End PBXBuildFile section */

/* Begin PBXContainerItemProxy section */
		209DD745131BFC5500D87354 /* PBXContainerItemProxy */ = {
			isa = PBXContainerItemProxy;
			containerPortal = 209DD73D131BFC5500D87354 /* UISpec.xcodeproj */;
			proxyType = 2;
			remoteGlobalIDString = C76EB5D20F74586B00EF8398;
			remoteInfo = UISpec;
		};
		209DD747131BFC5500D87354 /* PBXContainerItemProxy */ = {
			isa = PBXContainerItemProxy;
			containerPortal = 209DD73D131BFC5500D87354 /* UISpec.xcodeproj */;
			proxyType = 2;
			remoteGlobalIDString = C7D4F29310BDA39C00B00019;
			remoteInfo = Specs;
		};
		209DD74A131BFC8100D87354 /* PBXContainerItemProxy */ = {
			isa = PBXContainerItemProxy;
			containerPortal = 209DD73D131BFC5500D87354 /* UISpec.xcodeproj */;
			proxyType = 1;
			remoteGlobalIDString = C76EB5D10F74586B00EF8398;
			remoteInfo = UISpec;
		};
/* End PBXContainerItemProxy section */

/* Begin PBXFileReference section */
		1D30AB110D05D00D00671497 /* Foundation.framework */ = {isa = PBXFileReference; lastKnownFileType = wrapper.framework; name = Foundation.framework; path = System/Library/Frameworks/Foundation.framework; sourceTree = SDKROOT; };
		1D3623240D0F684500981E51 /* Flat_10C_AppDelegate.h */ = {isa = PBXFileReference; fileEncoding = 4; lastKnownFileType = sourcecode.c.h; path = Flat_10C_AppDelegate.h; sourceTree = "<group>"; };
		1D3623250D0F684500981E51 /* Flat_10C_AppDelegate.m */ = {isa = PBXFileReference; fileEncoding = 4; lastKnownFileType = sourcecode.c.objc; path = Flat_10C_AppDelegate.m; sourceTree = "<group>"; };
		1DF5F4DF0D08C38300B7A737 /* UIKit.framework */ = {isa = PBXFileReference; lastKnownFileType = wrapper.framework; name = UIKit.framework; path = System/Library/Frameworks/UIKit.framework; sourceTree = SDKROOT; };
		209DD73A131BFC1400D87354 /* Flat 10C.app */ = {isa = PBXFileReference; explicitFileType = wrapper.application; includeInIndex = 0; path = "Flat 10C.app"; sourceTree = BUILT_PRODUCTS_DIR; };
		209DD73C131BFC1400D87354 /* Flat_10C_-Info copy.plist */ = {isa = PBXFileReference; lastKnownFileType = text.plist.xml; path = "Flat_10C_-Info copy.plist"; sourceTree = "<group>"; };
		209DD73D131BFC5500D87354 /* UISpec.xcodeproj */ = {isa = PBXFileReference; lastKnownFileType = "wrapper.pb-project"; name = UISpec.xcodeproj; path = ../uispec/xcode/UISpec/UISpec.xcodeproj; sourceTree = SOURCE_ROOT; };
		209DD766131BFCD600D87354 /* DescribeFlat10C.m */ = {isa = PBXFileReference; fileEncoding = 4; lastKnownFileType = sourcecode.c.objc; path = DescribeFlat10C.m; sourceTree = "<group>"; };
		288765A40DF7441C002DB57D /* CoreGraphics.framework */ = {isa = PBXFileReference; lastKnownFileType = wrapper.framework; name = CoreGraphics.framework; path = System/Library/Frameworks/CoreGraphics.framework; sourceTree = SDKROOT; };
		2899E5210DE3E06400AC0155 /* Flat_10C_ViewController.xib */ = {isa = PBXFileReference; lastKnownFileType = file.xib; path = Flat_10C_ViewController.xib; sourceTree = "<group>"; };
		28AD733E0D9D9553002E5188 /* MainWindow.xib */ = {isa = PBXFileReference; lastKnownFileType = file.xib; path = MainWindow.xib; sourceTree = "<group>"; };
		28D7ACF60DDB3853001CB0EB /* Flat_10C_ViewController.h */ = {isa = PBXFileReference; fileEncoding = 4; lastKnownFileType = sourcecode.c.h; path = Flat_10C_ViewController.h; sourceTree = "<group>"; };
		28D7ACF70DDB3853001CB0EB /* Flat_10C_ViewController.m */ = {isa = PBXFileReference; fileEncoding = 4; lastKnownFileType = sourcecode.c.objc; path = Flat_10C_ViewController.m; sourceTree = "<group>"; };
		29B97316FDCFA39411CA2CEA /* main.m */ = {isa = PBXFileReference; fileEncoding = 4; lastKnownFileType = sourcecode.c.objc; path = main.m; sourceTree = "<group>"; };
		32CA4F630368D1EE00C91783 /* Flat_10C__Prefix.pch */ = {isa = PBXFileReference; fileEncoding = 4; lastKnownFileType = sourcecode.c.h; path = Flat_10C__Prefix.pch; sourceTree = "<group>"; };
		8D1107310486CEB800E47090 /* Flat_10C_-Info.plist */ = {isa = PBXFileReference; fileEncoding = 4; lastKnownFileType = text.plist.xml; path = "Flat_10C_-Info.plist"; plistStructureDefinitionIdentifier = "com.apple.xcode.plist.structure-definition.iphone.info-plist"; sourceTree = "<group>"; };
		9874A9B5127DD2DF00D34541 /* SlideToCancelViewController.h */ = {isa = PBXFileReference; fileEncoding = 4; lastKnownFileType = sourcecode.c.h; path = SlideToCancelViewController.h; sourceTree = "<group>"; };
		9874A9B6127DD2DF00D34541 /* SlideToCancelViewController.m */ = {isa = PBXFileReference; fileEncoding = 4; lastKnownFileType = sourcecode.c.objc; path = SlideToCancelViewController.m; sourceTree = "<group>"; };
		9874AA1F127DD8C400D34541 /* ASIAuthenticationDialog.h */ = {isa = PBXFileReference; fileEncoding = 4; lastKnownFileType = sourcecode.c.h; path = ASIAuthenticationDialog.h; sourceTree = "<group>"; };
		9874AA20127DD8C400D34541 /* ASIAuthenticationDialog.m */ = {isa = PBXFileReference; fileEncoding = 4; lastKnownFileType = sourcecode.c.objc; path = ASIAuthenticationDialog.m; sourceTree = "<group>"; };
		9874AA21127DD8C400D34541 /* ASICacheDelegate.h */ = {isa = PBXFileReference; fileEncoding = 4; lastKnownFileType = sourcecode.c.h; path = ASICacheDelegate.h; sourceTree = "<group>"; };
		9874AA22127DD8C400D34541 /* ASIDownloadCache.h */ = {isa = PBXFileReference; fileEncoding = 4; lastKnownFileType = sourcecode.c.h; path = ASIDownloadCache.h; sourceTree = "<group>"; };
		9874AA23127DD8C400D34541 /* ASIDownloadCache.m */ = {isa = PBXFileReference; fileEncoding = 4; lastKnownFileType = sourcecode.c.objc; path = ASIDownloadCache.m; sourceTree = "<group>"; };
		9874AA24127DD8C400D34541 /* ASIFormDataRequest.h */ = {isa = PBXFileReference; fileEncoding = 4; lastKnownFileType = sourcecode.c.h; path = ASIFormDataRequest.h; sourceTree = "<group>"; };
		9874AA25127DD8C400D34541 /* ASIFormDataRequest.m */ = {isa = PBXFileReference; fileEncoding = 4; lastKnownFileType = sourcecode.c.objc; path = ASIFormDataRequest.m; sourceTree = "<group>"; };
		9874AA26127DD8C400D34541 /* ASIHTTPRequest.h */ = {isa = PBXFileReference; fileEncoding = 4; lastKnownFileType = sourcecode.c.h; path = ASIHTTPRequest.h; sourceTree = "<group>"; };
		9874AA27127DD8C400D34541 /* ASIHTTPRequest.m */ = {isa = PBXFileReference; fileEncoding = 4; lastKnownFileType = sourcecode.c.objc; path = ASIHTTPRequest.m; sourceTree = "<group>"; };
		9874AA28127DD8C400D34541 /* ASIHTTPRequestConfig.h */ = {isa = PBXFileReference; fileEncoding = 4; lastKnownFileType = sourcecode.c.h; path = ASIHTTPRequestConfig.h; sourceTree = "<group>"; };
		9874AA29127DD8C400D34541 /* ASIHTTPRequestDelegate.h */ = {isa = PBXFileReference; fileEncoding = 4; lastKnownFileType = sourcecode.c.h; path = ASIHTTPRequestDelegate.h; sourceTree = "<group>"; };
		9874AA2A127DD8C400D34541 /* ASIInputStream.h */ = {isa = PBXFileReference; fileEncoding = 4; lastKnownFileType = sourcecode.c.h; path = ASIInputStream.h; sourceTree = "<group>"; };
		9874AA2B127DD8C400D34541 /* ASIInputStream.m */ = {isa = PBXFileReference; fileEncoding = 4; lastKnownFileType = sourcecode.c.objc; path = ASIInputStream.m; sourceTree = "<group>"; };
		9874AA2C127DD8C400D34541 /* ASINetworkQueue.h */ = {isa = PBXFileReference; fileEncoding = 4; lastKnownFileType = sourcecode.c.h; path = ASINetworkQueue.h; sourceTree = "<group>"; };
		9874AA2D127DD8C400D34541 /* ASINetworkQueue.m */ = {isa = PBXFileReference; fileEncoding = 4; lastKnownFileType = sourcecode.c.objc; path = ASINetworkQueue.m; sourceTree = "<group>"; };
		9874AA2E127DD8C400D34541 /* ASIProgressDelegate.h */ = {isa = PBXFileReference; fileEncoding = 4; lastKnownFileType = sourcecode.c.h; path = ASIProgressDelegate.h; sourceTree = "<group>"; };
		9874AA3E127DD8F300D34541 /* Reachability.h */ = {isa = PBXFileReference; fileEncoding = 4; lastKnownFileType = sourcecode.c.h; path = Reachability.h; sourceTree = "<group>"; };
		9874AA3F127DD8F300D34541 /* Reachability.m */ = {isa = PBXFileReference; fileEncoding = 4; lastKnownFileType = sourcecode.c.objc; path = Reachability.m; sourceTree = "<group>"; };
		9874AA4E127DD93A00D34541 /* CFNetwork.framework */ = {isa = PBXFileReference; lastKnownFileType = wrapper.framework; name = CFNetwork.framework; path = System/Library/Frameworks/CFNetwork.framework; sourceTree = SDKROOT; };
		9874AA50127DD94A00D34541 /* SystemConfiguration.framework */ = {isa = PBXFileReference; lastKnownFileType = wrapper.framework; name = SystemConfiguration.framework; path = System/Library/Frameworks/SystemConfiguration.framework; sourceTree = SDKROOT; };
		9874AA52127DD95300D34541 /* MobileCoreServices.framework */ = {isa = PBXFileReference; lastKnownFileType = wrapper.framework; name = MobileCoreServices.framework; path = System/Library/Frameworks/MobileCoreServices.framework; sourceTree = SDKROOT; };
		9874AA54127DD96000D34541 /* libz.1.2.3.dylib */ = {isa = PBXFileReference; lastKnownFileType = "compiled.mach-o.dylib"; name = libz.1.2.3.dylib; path = usr/lib/libz.1.2.3.dylib; sourceTree = SDKROOT; };
		9874AAFE127DEB3E00D34541 /* cross.png */ = {isa = PBXFileReference; lastKnownFileType = image.png; name = cross.png; path = Resources/Images/cross.png; sourceTree = "<group>"; };
		9874AAFF127DEB3E00D34541 /* sliderThumb.png */ = {isa = PBXFileReference; lastKnownFileType = image.png; name = sliderThumb.png; path = Resources/Images/sliderThumb.png; sourceTree = "<group>"; };
		9874AB00127DEB3E00D34541 /* sliderTrack.png */ = {isa = PBXFileReference; lastKnownFileType = image.png; name = sliderTrack.png; path = Resources/Images/sliderTrack.png; sourceTree = "<group>"; };
		9874AB01127DEB3E00D34541 /* tick.png */ = {isa = PBXFileReference; lastKnownFileType = image.png; name = tick.png; path = Resources/Images/tick.png; sourceTree = "<group>"; };
		9890D041127EB5B400DE7FE0 /* Settings.bundle */ = {isa = PBXFileReference; lastKnownFileType = "wrapper.plug-in"; path = Settings.bundle; sourceTree = "<group>"; };
		9890D091127EC5E200DE7FE0 /* IASKAppSettingsViewController.h */ = {isa = PBXFileReference; fileEncoding = 4; lastKnownFileType = sourcecode.c.h; path = IASKAppSettingsViewController.h; sourceTree = "<group>"; };
		9890D092127EC5E200DE7FE0 /* IASKAppSettingsViewController.m */ = {isa = PBXFileReference; fileEncoding = 4; lastKnownFileType = sourcecode.c.objc; path = IASKAppSettingsViewController.m; sourceTree = "<group>"; };
		9890D093127EC5E200DE7FE0 /* IASKSpecifierValuesViewController.h */ = {isa = PBXFileReference; fileEncoding = 4; lastKnownFileType = sourcecode.c.h; path = IASKSpecifierValuesViewController.h; sourceTree = "<group>"; };
		9890D094127EC5E200DE7FE0 /* IASKSpecifierValuesViewController.m */ = {isa = PBXFileReference; fileEncoding = 4; lastKnownFileType = sourcecode.c.objc; path = IASKSpecifierValuesViewController.m; sourceTree = "<group>"; };
		9890D096127EC5E200DE7FE0 /* IASKSettingsReader.h */ = {isa = PBXFileReference; fileEncoding = 4; lastKnownFileType = sourcecode.c.h; path = IASKSettingsReader.h; sourceTree = "<group>"; };
		9890D097127EC5E200DE7FE0 /* IASKSettingsReader.m */ = {isa = PBXFileReference; fileEncoding = 4; lastKnownFileType = sourcecode.c.objc; path = IASKSettingsReader.m; sourceTree = "<group>"; };
		9890D098127EC5E200DE7FE0 /* IASKSpecifier.h */ = {isa = PBXFileReference; fileEncoding = 4; lastKnownFileType = sourcecode.c.h; path = IASKSpecifier.h; sourceTree = "<group>"; };
		9890D099127EC5E200DE7FE0 /* IASKSpecifier.m */ = {isa = PBXFileReference; fileEncoding = 4; lastKnownFileType = sourcecode.c.objc; path = IASKSpecifier.m; sourceTree = "<group>"; };
		9890D09B127EC5E200DE7FE0 /* IASKPSSliderSpecifierViewCell.h */ = {isa = PBXFileReference; fileEncoding = 4; lastKnownFileType = sourcecode.c.h; path = IASKPSSliderSpecifierViewCell.h; sourceTree = "<group>"; };
		9890D09C127EC5E200DE7FE0 /* IASKPSSliderSpecifierViewCell.m */ = {isa = PBXFileReference; fileEncoding = 4; lastKnownFileType = sourcecode.c.objc; path = IASKPSSliderSpecifierViewCell.m; sourceTree = "<group>"; };
		9890D09D127EC5E200DE7FE0 /* IASKPSTextFieldSpecifierViewCell.h */ = {isa = PBXFileReference; fileEncoding = 4; lastKnownFileType = sourcecode.c.h; path = IASKPSTextFieldSpecifierViewCell.h; sourceTree = "<group>"; };
		9890D09E127EC5E200DE7FE0 /* IASKPSTextFieldSpecifierViewCell.m */ = {isa = PBXFileReference; fileEncoding = 4; lastKnownFileType = sourcecode.c.objc; path = IASKPSTextFieldSpecifierViewCell.m; sourceTree = "<group>"; };
		9890D09F127EC5E200DE7FE0 /* IASKPSTitleValueSpecifierViewCell.h */ = {isa = PBXFileReference; fileEncoding = 4; lastKnownFileType = sourcecode.c.h; path = IASKPSTitleValueSpecifierViewCell.h; sourceTree = "<group>"; };
		9890D0A0127EC5E200DE7FE0 /* IASKPSTitleValueSpecifierViewCell.m */ = {isa = PBXFileReference; fileEncoding = 4; lastKnownFileType = sourcecode.c.objc; path = IASKPSTitleValueSpecifierViewCell.m; sourceTree = "<group>"; };
		9890D0A1127EC5E200DE7FE0 /* IASKPSToggleSwitchSpecifierViewCell.h */ = {isa = PBXFileReference; fileEncoding = 4; lastKnownFileType = sourcecode.c.h; path = IASKPSToggleSwitchSpecifierViewCell.h; sourceTree = "<group>"; };
		9890D0A2127EC5E200DE7FE0 /* IASKPSToggleSwitchSpecifierViewCell.m */ = {isa = PBXFileReference; fileEncoding = 4; lastKnownFileType = sourcecode.c.objc; path = IASKPSToggleSwitchSpecifierViewCell.m; sourceTree = "<group>"; };
		9890D0A3127EC5E200DE7FE0 /* IASKSlider.h */ = {isa = PBXFileReference; fileEncoding = 4; lastKnownFileType = sourcecode.c.h; path = IASKSlider.h; sourceTree = "<group>"; };
		9890D0A4127EC5E200DE7FE0 /* IASKSlider.m */ = {isa = PBXFileReference; fileEncoding = 4; lastKnownFileType = sourcecode.c.objc; path = IASKSlider.m; sourceTree = "<group>"; };
		9890D0A5127EC5E200DE7FE0 /* IASKSwitch.h */ = {isa = PBXFileReference; fileEncoding = 4; lastKnownFileType = sourcecode.c.h; path = IASKSwitch.h; sourceTree = "<group>"; };
		9890D0A6127EC5E200DE7FE0 /* IASKSwitch.m */ = {isa = PBXFileReference; fileEncoding = 4; lastKnownFileType = sourcecode.c.objc; path = IASKSwitch.m; sourceTree = "<group>"; };
		9890D0A7127EC5E200DE7FE0 /* IASKTextField.h */ = {isa = PBXFileReference; fileEncoding = 4; lastKnownFileType = sourcecode.c.h; path = IASKTextField.h; sourceTree = "<group>"; };
		9890D0A8127EC5E200DE7FE0 /* IASKTextField.m */ = {isa = PBXFileReference; fileEncoding = 4; lastKnownFileType = sourcecode.c.objc; path = IASKTextField.m; sourceTree = "<group>"; };
		9890D0AA127EC5E200DE7FE0 /* IASKAppSettingsView.xib */ = {isa = PBXFileReference; lastKnownFileType = file.xib; path = IASKAppSettingsView.xib; sourceTree = "<group>"; };
		9890D0AB127EC5E200DE7FE0 /* IASKPSSliderSpecifierViewCell.xib */ = {isa = PBXFileReference; lastKnownFileType = file.xib; path = IASKPSSliderSpecifierViewCell.xib; sourceTree = "<group>"; };
		9890D0AC127EC5E200DE7FE0 /* IASKPSTextFieldSpecifierViewCell.xib */ = {isa = PBXFileReference; lastKnownFileType = file.xib; path = IASKPSTextFieldSpecifierViewCell.xib; sourceTree = "<group>"; };
		9890D0AD127EC5E200DE7FE0 /* IASKPSToggleSwitchSpecifierViewCell.xib */ = {isa = PBXFileReference; lastKnownFileType = file.xib; path = IASKPSToggleSwitchSpecifierViewCell.xib; sourceTree = "<group>"; };
		9890D0AE127EC5E200DE7FE0 /* IASKSpecifierValuesView.xib */ = {isa = PBXFileReference; lastKnownFileType = file.xib; path = IASKSpecifierValuesView.xib; sourceTree = "<group>"; };
		9897D57712CA5C8700B20D0C /* Default.png */ = {isa = PBXFileReference; lastKnownFileType = image.png; name = Default.png; path = Resources/Default.png; sourceTree = "<group>"; };
		98A19E8F127E8BED00D33641 /* Flat 10C.app */ = {isa = PBXFileReference; explicitFileType = wrapper.application; includeInIndex = 0; path = "Flat 10C.app"; sourceTree = BUILT_PRODUCTS_DIR; };
		98A19E9C127E8DB100D33641 /* Icon.png */ = {isa = PBXFileReference; lastKnownFileType = image.png; path = Icon.png; sourceTree = "<group>"; };
/* End PBXFileReference section */

/* Begin PBXFrameworksBuildPhase section */
		1D60588F0D05DD3D006BFB54 /* Frameworks */ = {
			isa = PBXFrameworksBuildPhase;
			buildActionMask = 2147483647;
			files = (
				1D60589F0D05DD5A006BFB54 /* Foundation.framework in Frameworks */,
				1DF5F4E00D08C38300B7A737 /* UIKit.framework in Frameworks */,
				288765A50DF7441C002DB57D /* CoreGraphics.framework in Frameworks */,
				9874AA4F127DD93A00D34541 /* CFNetwork.framework in Frameworks */,
				9874AA51127DD94A00D34541 /* SystemConfiguration.framework in Frameworks */,
				9874AA53127DD95300D34541 /* MobileCoreServices.framework in Frameworks */,
				9874AA55127DD96000D34541 /* libz.1.2.3.dylib in Frameworks */,
				209DD749131BFC6500D87354 /* libUISpec.a in Frameworks */,
			);
			runOnlyForDeploymentPostprocessing = 0;
		};
		209DD72E131BFC1400D87354 /* Frameworks */ = {
			isa = PBXFrameworksBuildPhase;
			buildActionMask = 2147483647;
			files = (
				209DD74C131BFCA300D87354 /* libUISpec.a in Frameworks */,
				209DD72F131BFC1400D87354 /* Foundation.framework in Frameworks */,
				209DD730131BFC1400D87354 /* UIKit.framework in Frameworks */,
				209DD731131BFC1400D87354 /* CoreGraphics.framework in Frameworks */,
				209DD732131BFC1400D87354 /* CFNetwork.framework in Frameworks */,
				209DD733131BFC1400D87354 /* SystemConfiguration.framework in Frameworks */,
				209DD734131BFC1400D87354 /* MobileCoreServices.framework in Frameworks */,
				209DD735131BFC1400D87354 /* libz.1.2.3.dylib in Frameworks */,
			);
			runOnlyForDeploymentPostprocessing = 0;
		};
/* End PBXFrameworksBuildPhase section */

/* Begin PBXGroup section */
		080E96DDFE201D6D7F000001 /* Classes */ = {
			isa = PBXGroup;
			children = (
				1D3623240D0F684500981E51 /* Flat_10C_AppDelegate.h */,
				1D3623250D0F684500981E51 /* Flat_10C_AppDelegate.m */,
				9874A9B5127DD2DF00D34541 /* SlideToCancelViewController.h */,
				9874A9B6127DD2DF00D34541 /* SlideToCancelViewController.m */,
				28D7ACF60DDB3853001CB0EB /* Flat_10C_ViewController.h */,
				28D7ACF70DDB3853001CB0EB /* Flat_10C_ViewController.m */,
			);
			path = Classes;
			sourceTree = "<group>";
		};
		19C28FACFE9D520D11CA2CBB /* Products */ = {
			isa = PBXGroup;
			children = (
				98A19E8F127E8BED00D33641 /* Flat 10C.app */,
				209DD73A131BFC1400D87354 /* Flat 10C.app */,
			);
			name = Products;
			sourceTree = "<group>";
		};
		209DD73E131BFC5500D87354 /* Products */ = {
			isa = PBXGroup;
			children = (
				209DD746131BFC5500D87354 /* libUISpec.a */,
				209DD748131BFC5500D87354 /* Specs.app */,
			);
			name = Products;
			sourceTree = "<group>";
		};
		209DD754131BFCD600D87354 /* Specs */ = {
			isa = PBXGroup;
			children = (
				209DD766131BFCD600D87354 /* DescribeFlat10C.m */,
			);
			name = Specs;
			sourceTree = "<group>";
		};
		29B97314FDCFA39411CA2CEA /* CustomTemplate */ = {
			isa = PBXGroup;
			children = (
				209DD73D131BFC5500D87354 /* UISpec.xcodeproj */,
				080E96DDFE201D6D7F000001 /* Classes */,
				209DD754131BFCD600D87354 /* Specs */,
				9874AA41127DD90800D34541 /* External */,
				29B97315FDCFA39411CA2CEA /* Other Sources */,
				29B97317FDCFA39411CA2CEA /* Resources */,
				29B97323FDCFA39411CA2CEA /* Frameworks */,
				19C28FACFE9D520D11CA2CBB /* Products */,
				9874AA4E127DD93A00D34541 /* CFNetwork.framework */,
				9874AA50127DD94A00D34541 /* SystemConfiguration.framework */,
				9874AA52127DD95300D34541 /* MobileCoreServices.framework */,
				9874AA54127DD96000D34541 /* libz.1.2.3.dylib */,
			);
			name = CustomTemplate;
			sourceTree = "<group>";
		};
		29B97315FDCFA39411CA2CEA /* Other Sources */ = {
			isa = PBXGroup;
			children = (
				32CA4F630368D1EE00C91783 /* Flat_10C__Prefix.pch */,
				29B97316FDCFA39411CA2CEA /* main.m */,
			);
			name = "Other Sources";
			sourceTree = "<group>";
		};
		29B97317FDCFA39411CA2CEA /* Resources */ = {
			isa = PBXGroup;
			children = (
				9897D57712CA5C8700B20D0C /* Default.png */,
				98A19E9C127E8DB100D33641 /* Icon.png */,
				9874AAFD127DEB2100D34541 /* Images */,
				2899E5210DE3E06400AC0155 /* Flat_10C_ViewController.xib */,
				28AD733E0D9D9553002E5188 /* MainWindow.xib */,
				8D1107310486CEB800E47090 /* Flat_10C_-Info.plist */,
				9890D041127EB5B400DE7FE0 /* Settings.bundle */,
				209DD73C131BFC1400D87354 /* Flat_10C_-Info copy.plist */,
			);
			name = Resources;
			sourceTree = "<group>";
		};
		29B97323FDCFA39411CA2CEA /* Frameworks */ = {
			isa = PBXGroup;
			children = (
				1DF5F4DF0D08C38300B7A737 /* UIKit.framework */,
				1D30AB110D05D00D00671497 /* Foundation.framework */,
				288765A40DF7441C002DB57D /* CoreGraphics.framework */,
			);
			name = Frameworks;
			sourceTree = "<group>";
		};
		9874AA1E127DD8C400D34541 /* ASI */ = {
			isa = PBXGroup;
			children = (
				9874AA1F127DD8C400D34541 /* ASIAuthenticationDialog.h */,
				9874AA20127DD8C400D34541 /* ASIAuthenticationDialog.m */,
				9874AA21127DD8C400D34541 /* ASICacheDelegate.h */,
				9874AA22127DD8C400D34541 /* ASIDownloadCache.h */,
				9874AA23127DD8C400D34541 /* ASIDownloadCache.m */,
				9874AA24127DD8C400D34541 /* ASIFormDataRequest.h */,
				9874AA25127DD8C400D34541 /* ASIFormDataRequest.m */,
				9874AA26127DD8C400D34541 /* ASIHTTPRequest.h */,
				9874AA27127DD8C400D34541 /* ASIHTTPRequest.m */,
				9874AA28127DD8C400D34541 /* ASIHTTPRequestConfig.h */,
				9874AA29127DD8C400D34541 /* ASIHTTPRequestDelegate.h */,
				9874AA2A127DD8C400D34541 /* ASIInputStream.h */,
				9874AA2B127DD8C400D34541 /* ASIInputStream.m */,
				9874AA2C127DD8C400D34541 /* ASINetworkQueue.h */,
				9874AA2D127DD8C400D34541 /* ASINetworkQueue.m */,
				9874AA2E127DD8C400D34541 /* ASIProgressDelegate.h */,
			);
			name = ASI;
			path = Classes/External/ASI;
			sourceTree = "<group>";
		};
		9874AA3D127DD8F300D34541 /* Reachability */ = {
			isa = PBXGroup;
			children = (
				9874AA3E127DD8F300D34541 /* Reachability.h */,
				9874AA3F127DD8F300D34541 /* Reachability.m */,
			);
			name = Reachability;
			path = Classes/External/Reachability;
			sourceTree = "<group>";
		};
		9874AA41127DD90800D34541 /* External */ = {
			isa = PBXGroup;
			children = (
				9890D08F127EC5E200DE7FE0 /* InAppSettingsKit */,
				9874AA1E127DD8C400D34541 /* ASI */,
				9874AA3D127DD8F300D34541 /* Reachability */,
			);
			name = External;
			sourceTree = "<group>";
		};
		9874AAFD127DEB2100D34541 /* Images */ = {
			isa = PBXGroup;
			children = (
				9874AAFE127DEB3E00D34541 /* cross.png */,
				9874AAFF127DEB3E00D34541 /* sliderThumb.png */,
				9874AB00127DEB3E00D34541 /* sliderTrack.png */,
				9874AB01127DEB3E00D34541 /* tick.png */,
			);
			name = Images;
			sourceTree = "<group>";
		};
		9890D08F127EC5E200DE7FE0 /* InAppSettingsKit */ = {
			isa = PBXGroup;
			children = (
				9890D090127EC5E200DE7FE0 /* Controllers */,
				9890D095127EC5E200DE7FE0 /* Models */,
				9890D09A127EC5E200DE7FE0 /* Views */,
				9890D0A9127EC5E200DE7FE0 /* Xibs */,
			);
			name = InAppSettingsKit;
			path = Classes/External/InAppSettingsKit;
			sourceTree = "<group>";
		};
		9890D090127EC5E200DE7FE0 /* Controllers */ = {
			isa = PBXGroup;
			children = (
				9890D091127EC5E200DE7FE0 /* IASKAppSettingsViewController.h */,
				9890D092127EC5E200DE7FE0 /* IASKAppSettingsViewController.m */,
				9890D093127EC5E200DE7FE0 /* IASKSpecifierValuesViewController.h */,
				9890D094127EC5E200DE7FE0 /* IASKSpecifierValuesViewController.m */,
			);
			path = Controllers;
			sourceTree = "<group>";
		};
		9890D095127EC5E200DE7FE0 /* Models */ = {
			isa = PBXGroup;
			children = (
				9890D096127EC5E200DE7FE0 /* IASKSettingsReader.h */,
				9890D097127EC5E200DE7FE0 /* IASKSettingsReader.m */,
				9890D098127EC5E200DE7FE0 /* IASKSpecifier.h */,
				9890D099127EC5E200DE7FE0 /* IASKSpecifier.m */,
			);
			path = Models;
			sourceTree = "<group>";
		};
		9890D09A127EC5E200DE7FE0 /* Views */ = {
			isa = PBXGroup;
			children = (
				9890D09B127EC5E200DE7FE0 /* IASKPSSliderSpecifierViewCell.h */,
				9890D09C127EC5E200DE7FE0 /* IASKPSSliderSpecifierViewCell.m */,
				9890D09D127EC5E200DE7FE0 /* IASKPSTextFieldSpecifierViewCell.h */,
				9890D09E127EC5E200DE7FE0 /* IASKPSTextFieldSpecifierViewCell.m */,
				9890D09F127EC5E200DE7FE0 /* IASKPSTitleValueSpecifierViewCell.h */,
				9890D0A0127EC5E200DE7FE0 /* IASKPSTitleValueSpecifierViewCell.m */,
				9890D0A1127EC5E200DE7FE0 /* IASKPSToggleSwitchSpecifierViewCell.h */,
				9890D0A2127EC5E200DE7FE0 /* IASKPSToggleSwitchSpecifierViewCell.m */,
				9890D0A3127EC5E200DE7FE0 /* IASKSlider.h */,
				9890D0A4127EC5E200DE7FE0 /* IASKSlider.m */,
				9890D0A5127EC5E200DE7FE0 /* IASKSwitch.h */,
				9890D0A6127EC5E200DE7FE0 /* IASKSwitch.m */,
				9890D0A7127EC5E200DE7FE0 /* IASKTextField.h */,
				9890D0A8127EC5E200DE7FE0 /* IASKTextField.m */,
			);
			path = Views;
			sourceTree = "<group>";
		};
		9890D0A9127EC5E200DE7FE0 /* Xibs */ = {
			isa = PBXGroup;
			children = (
				9890D0AA127EC5E200DE7FE0 /* IASKAppSettingsView.xib */,
				9890D0AB127EC5E200DE7FE0 /* IASKPSSliderSpecifierViewCell.xib */,
				9890D0AC127EC5E200DE7FE0 /* IASKPSTextFieldSpecifierViewCell.xib */,
				9890D0AD127EC5E200DE7FE0 /* IASKPSToggleSwitchSpecifierViewCell.xib */,
				9890D0AE127EC5E200DE7FE0 /* IASKSpecifierValuesView.xib */,
			);
			path = Xibs;
			sourceTree = "<group>";
		};
/* End PBXGroup section */

/* Begin PBXNativeTarget section */
		1D6058900D05DD3D006BFB54 /* Flat 10C  */ = {
			isa = PBXNativeTarget;
			buildConfigurationList = 1D6058960D05DD3E006BFB54 /* Build configuration list for PBXNativeTarget "Flat 10C " */;
			buildPhases = (
				1D60588D0D05DD3D006BFB54 /* Resources */,
				1D60588E0D05DD3D006BFB54 /* Sources */,
				1D60588F0D05DD3D006BFB54 /* Frameworks */,
				9874AB69127DF54300D34541 /* CodeSign */,
			);
			buildRules = (
			);
			dependencies = (
			);
			name = "Flat 10C ";
			productName = "Flat 10C ";
			productReference = 98A19E8F127E8BED00D33641 /* Flat 10C.app */;
			productType = "com.apple.product-type.application";
		};
		209DD707131BFC1400D87354 /* Flat 10C Specs */ = {
			isa = PBXNativeTarget;
			buildConfigurationList = 209DD737131BFC1400D87354 /* Build configuration list for PBXNativeTarget "Flat 10C Specs" */;
			buildPhases = (
				209DD708131BFC1400D87354 /* Resources */,
				209DD717131BFC1400D87354 /* Sources */,
				209DD72E131BFC1400D87354 /* Frameworks */,
				209DD736131BFC1400D87354 /* CodeSign */,
			);
			buildRules = (
			);
			dependencies = (
				209DD74B131BFC8100D87354 /* PBXTargetDependency */,
			);
			name = "Flat 10C Specs";
			productName = "Flat 10C ";
			productReference = 209DD73A131BFC1400D87354 /* Flat 10C.app */;
			productType = "com.apple.product-type.application";
		};
/* End PBXNativeTarget section */

/* Begin PBXProject section */
		29B97313FDCFA39411CA2CEA /* Project object */ = {
			isa = PBXProject;
			buildConfigurationList = C01FCF4E08A954540054247B /* Build configuration list for PBXProject "Flat 10C " */;
			compatibilityVersion = "Xcode 3.1";
			developmentRegion = English;
			hasScannedForEncodings = 1;
			knownRegions = (
				English,
				Japanese,
				French,
				German,
			);
			mainGroup = 29B97314FDCFA39411CA2CEA /* CustomTemplate */;
			projectDirPath = "";
			projectReferences = (
				{
					ProductGroup = 209DD73E131BFC5500D87354 /* Products */;
					ProjectRef = 209DD73D131BFC5500D87354 /* UISpec.xcodeproj */;
				},
			);
			projectRoot = "";
			targets = (
				1D6058900D05DD3D006BFB54 /* Flat 10C  */,
				209DD707131BFC1400D87354 /* Flat 10C Specs */,
			);
		};
/* End PBXProject section */

/* Begin PBXReferenceProxy section */
		209DD746131BFC5500D87354 /* libUISpec.a */ = {
			isa = PBXReferenceProxy;
			fileType = archive.ar;
			path = libUISpec.a;
			remoteRef = 209DD745131BFC5500D87354 /* PBXContainerItemProxy */;
			sourceTree = BUILT_PRODUCTS_DIR;
		};
		209DD748131BFC5500D87354 /* Specs.app */ = {
			isa = PBXReferenceProxy;
			fileType = wrapper.application;
			path = Specs.app;
			remoteRef = 209DD747131BFC5500D87354 /* PBXContainerItemProxy */;
			sourceTree = BUILT_PRODUCTS_DIR;
		};
/* End PBXReferenceProxy section */

/* Begin PBXResourcesBuildPhase section */
		1D60588D0D05DD3D006BFB54 /* Resources */ = {
			isa = PBXResourcesBuildPhase;
			buildActionMask = 2147483647;
			files = (
				28AD733F0D9D9553002E5188 /* MainWindow.xib in Resources */,
				2899E5220DE3E06400AC0155 /* Flat_10C_ViewController.xib in Resources */,
				9874AB02127DEB3E00D34541 /* cross.png in Resources */,
				9874AB03127DEB3E00D34541 /* sliderThumb.png in Resources */,
				9874AB04127DEB3E00D34541 /* sliderTrack.png in Resources */,
				9874AB05127DEB3E00D34541 /* tick.png in Resources */,
				98A19E9D127E8DB100D33641 /* Icon.png in Resources */,
				9890D042127EB5B400DE7FE0 /* Settings.bundle in Resources */,
				9890D0BA127EC5E200DE7FE0 /* IASKAppSettingsView.xib in Resources */,
				9890D0BB127EC5E200DE7FE0 /* IASKPSSliderSpecifierViewCell.xib in Resources */,
				9890D0BC127EC5E200DE7FE0 /* IASKPSTextFieldSpecifierViewCell.xib in Resources */,
				9890D0BD127EC5E200DE7FE0 /* IASKPSToggleSwitchSpecifierViewCell.xib in Resources */,
				9890D0BE127EC5E200DE7FE0 /* IASKSpecifierValuesView.xib in Resources */,
				9897D57812CA5C8700B20D0C /* Default.png in Resources */,
			);
			runOnlyForDeploymentPostprocessing = 0;
		};
		209DD708131BFC1400D87354 /* Resources */ = {
			isa = PBXResourcesBuildPhase;
			buildActionMask = 2147483647;
			files = (
				209DD709131BFC1400D87354 /* MainWindow.xib in Resources */,
				209DD70A131BFC1400D87354 /* Flat_10C_ViewController.xib in Resources */,
				209DD70B131BFC1400D87354 /* cross.png in Resources */,
				209DD70C131BFC1400D87354 /* sliderThumb.png in Resources */,
				209DD70D131BFC1400D87354 /* sliderTrack.png in Resources */,
				209DD70E131BFC1400D87354 /* tick.png in Resources */,
				209DD70F131BFC1400D87354 /* Icon.png in Resources */,
				209DD710131BFC1400D87354 /* Settings.bundle in Resources */,
				209DD711131BFC1400D87354 /* IASKAppSettingsView.xib in Resources */,
				209DD712131BFC1400D87354 /* IASKPSSliderSpecifierViewCell.xib in Resources */,
				209DD713131BFC1400D87354 /* IASKPSTextFieldSpecifierViewCell.xib in Resources */,
				209DD714131BFC1400D87354 /* IASKPSToggleSwitchSpecifierViewCell.xib in Resources */,
				209DD715131BFC1400D87354 /* IASKSpecifierValuesView.xib in Resources */,
				209DD716131BFC1400D87354 /* Default.png in Resources */,
			);
			runOnlyForDeploymentPostprocessing = 0;
		};
/* End PBXResourcesBuildPhase section */

/* Begin PBXShellScriptBuildPhase section */
		209DD736131BFC1400D87354 /* CodeSign */ = {
			isa = PBXShellScriptBuildPhase;
			buildActionMask = 2147483647;
			files = (
			);
			inputPaths = (
			);
			name = CodeSign;
			outputPaths = (
			);
			runOnlyForDeploymentPostprocessing = 0;
			shellPath = /bin/sh;
			shellScript = "export CODESIGN_ALLOCATE=/Developer/Platforms/iPhoneOS.platform/Developer/usr/bin/codesign_allocate\nif [ \"${PLATFORM_NAME}\" == \"iphoneos\" ]; then\n/Developer/iphoneentitlements401/gen_entitlements.py \"my.company.${PROJECT_NAME}\" \"${BUILT_PRODUCTS_DIR}/${WRAPPER_NAME}/${PROJECT_NAME}.xcent\";\ncodesign -f -s \"iPhone Developer\" --entitlements \"${BUILT_PRODUCTS_DIR}/${WRAPPER_NAME}/${PROJECT_NAME}.xcent\" \"${BUILT_PRODUCTS_DIR}/${WRAPPER_NAME}/\"\nfi";
		};
		9874AB69127DF54300D34541 /* CodeSign */ = {
			isa = PBXShellScriptBuildPhase;
			buildActionMask = 2147483647;
			files = (
			);
			inputPaths = (
			);
			name = CodeSign;
			outputPaths = (
			);
			runOnlyForDeploymentPostprocessing = 0;
			shellPath = /bin/sh;
			shellScript = "export CODESIGN_ALLOCATE=/Developer/Platforms/iPhoneOS.platform/Developer/usr/bin/codesign_allocate\nif [ \"${PLATFORM_NAME}\" == \"iphoneos\" ]; then\n/Developer/iphoneentitlements401/gen_entitlements.py \"my.company.${PROJECT_NAME}\" \"${BUILT_PRODUCTS_DIR}/${WRAPPER_NAME}/${PROJECT_NAME}.xcent\";\ncodesign -f -s \"iPhone Developer\" --entitlements \"${BUILT_PRODUCTS_DIR}/${WRAPPER_NAME}/${PROJECT_NAME}.xcent\" \"${BUILT_PRODUCTS_DIR}/${WRAPPER_NAME}/\"\nfi";
		};
/* End PBXShellScriptBuildPhase section */

/* Begin PBXSourcesBuildPhase section */
		1D60588E0D05DD3D006BFB54 /* Sources */ = {
			isa = PBXSourcesBuildPhase;
			buildActionMask = 2147483647;
			files = (
				1D60589B0D05DD56006BFB54 /* main.m in Sources */,
				1D3623260D0F684500981E51 /* Flat_10C_AppDelegate.m in Sources */,
				28D7ACF80DDB3853001CB0EB /* Flat_10C_ViewController.m in Sources */,
				9874A9B7127DD2DF00D34541 /* SlideToCancelViewController.m in Sources */,
				9874AA2F127DD8C400D34541 /* ASIAuthenticationDialog.m in Sources */,
				9874AA30127DD8C400D34541 /* ASIDownloadCache.m in Sources */,
				9874AA31127DD8C400D34541 /* ASIFormDataRequest.m in Sources */,
				9874AA32127DD8C400D34541 /* ASIHTTPRequest.m in Sources */,
				9874AA33127DD8C400D34541 /* ASIInputStream.m in Sources */,
				9874AA34127DD8C400D34541 /* ASINetworkQueue.m in Sources */,
				9874AA40127DD8F300D34541 /* Reachability.m in Sources */,
				9890D0AF127EC5E200DE7FE0 /* IASKAppSettingsViewController.m in Sources */,
				9890D0B0127EC5E200DE7FE0 /* IASKSpecifierValuesViewController.m in Sources */,
				9890D0B1127EC5E200DE7FE0 /* IASKSettingsReader.m in Sources */,
				9890D0B2127EC5E200DE7FE0 /* IASKSpecifier.m in Sources */,
				9890D0B3127EC5E200DE7FE0 /* IASKPSSliderSpecifierViewCell.m in Sources */,
				9890D0B4127EC5E200DE7FE0 /* IASKPSTextFieldSpecifierViewCell.m in Sources */,
				9890D0B5127EC5E200DE7FE0 /* IASKPSTitleValueSpecifierViewCell.m in Sources */,
				9890D0B6127EC5E200DE7FE0 /* IASKPSToggleSwitchSpecifierViewCell.m in Sources */,
				9890D0B7127EC5E200DE7FE0 /* IASKSlider.m in Sources */,
				9890D0B8127EC5E200DE7FE0 /* IASKSwitch.m in Sources */,
				9890D0B9127EC5E200DE7FE0 /* IASKTextField.m in Sources */,
			);
			runOnlyForDeploymentPostprocessing = 0;
		};
		209DD717131BFC1400D87354 /* Sources */ = {
			isa = PBXSourcesBuildPhase;
			buildActionMask = 2147483647;
			files = (
				209DD718131BFC1400D87354 /* main.m in Sources */,
				209DD719131BFC1400D87354 /* Flat_10C_AppDelegate.m in Sources */,
				209DD71A131BFC1400D87354 /* Flat_10C_ViewController.m in Sources */,
				209DD71B131BFC1400D87354 /* SlideToCancelViewController.m in Sources */,
				209DD71C131BFC1400D87354 /* ASIAuthenticationDialog.m in Sources */,
				209DD71D131BFC1400D87354 /* ASIDownloadCache.m in Sources */,
				209DD71E131BFC1400D87354 /* ASIFormDataRequest.m in Sources */,
				209DD71F131BFC1400D87354 /* ASIHTTPRequest.m in Sources */,
				209DD720131BFC1400D87354 /* ASIInputStream.m in Sources */,
				209DD721131BFC1400D87354 /* ASINetworkQueue.m in Sources */,
				209DD722131BFC1400D87354 /* Reachability.m in Sources */,
				209DD723131BFC1400D87354 /* IASKAppSettingsViewController.m in Sources */,
				209DD724131BFC1400D87354 /* IASKSpecifierValuesViewController.m in Sources */,
				209DD725131BFC1400D87354 /* IASKSettingsReader.m in Sources */,
				209DD726131BFC1400D87354 /* IASKSpecifier.m in Sources */,
				209DD727131BFC1400D87354 /* IASKPSSliderSpecifierViewCell.m in Sources */,
				209DD728131BFC1400D87354 /* IASKPSTextFieldSpecifierViewCell.m in Sources */,
				209DD729131BFC1400D87354 /* IASKPSTitleValueSpecifierViewCell.m in Sources */,
				209DD72A131BFC1400D87354 /* IASKPSToggleSwitchSpecifierViewCell.m in Sources */,
				209DD72B131BFC1400D87354 /* IASKSlider.m in Sources */,
				209DD72C131BFC1400D87354 /* IASKSwitch.m in Sources */,
				209DD72D131BFC1400D87354 /* IASKTextField.m in Sources */,
				209DD767131BFCD600D87354 /* DescribeFlat10C.m in Sources */,
			);
			runOnlyForDeploymentPostprocessing = 0;
		};
/* End PBXSourcesBuildPhase section */

/* Begin PBXTargetDependency section */
		209DD74B131BFC8100D87354 /* PBXTargetDependency */ = {
			isa = PBXTargetDependency;
			name = UISpec;
			targetProxy = 209DD74A131BFC8100D87354 /* PBXContainerItemProxy */;
		};
/* End PBXTargetDependency section */

/* Begin XCBuildConfiguration section */
		1D6058940D05DD3E006BFB54 /* Debug */ = {
			isa = XCBuildConfiguration;
			buildSettings = {
				ALWAYS_SEARCH_USER_PATHS = NO;
				COPY_PHASE_STRIP = NO;
				GCC_DYNAMIC_NO_PIC = NO;
				GCC_OPTIMIZATION_LEVEL = 0;
				GCC_PRECOMPILE_PREFIX_HEADER = YES;
				GCC_PREFIX_HEADER = Flat_10C__Prefix.pch;
				INFOPLIST_FILE = "Flat_10C_-Info.plist";
				PRODUCT_NAME = "Flat 10C ";
			};
			name = Debug;
		};
		1D6058950D05DD3E006BFB54 /* Release */ = {
			isa = XCBuildConfiguration;
			buildSettings = {
				ALWAYS_SEARCH_USER_PATHS = NO;
				COPY_PHASE_STRIP = YES;
				GCC_PRECOMPILE_PREFIX_HEADER = YES;
				GCC_PREFIX_HEADER = Flat_10C__Prefix.pch;
				INFOPLIST_FILE = "Flat_10C_-Info.plist";
				PRODUCT_NAME = "Flat 10C";
				VALIDATE_PRODUCT = YES;
			};
			name = Release;
		};
		209DD738131BFC1400D87354 /* Debug */ = {
			isa = XCBuildConfiguration;
			buildSettings = {
				ALWAYS_SEARCH_USER_PATHS = NO;
				COPY_PHASE_STRIP = NO;
				GCC_DYNAMIC_NO_PIC = NO;
				GCC_OPTIMIZATION_LEVEL = 0;
				GCC_PRECOMPILE_PREFIX_HEADER = YES;
				GCC_PREFIX_HEADER = Flat_10C__Prefix.pch;
				GCC_PREPROCESSOR_DEFINITIONS = RUN_SPECS;
				HEADER_SEARCH_PATHS = "~/src/uispec/headers";
				INFOPLIST_FILE = "Flat_10C_-Info copy.plist";
				PRODUCT_NAME = "Flat 10C ";
			};
			name = Debug;
		};
		209DD739131BFC1400D87354 /* Release */ = {
			isa = XCBuildConfiguration;
			buildSettings = {
				ALWAYS_SEARCH_USER_PATHS = NO;
				COPY_PHASE_STRIP = YES;
				GCC_PRECOMPILE_PREFIX_HEADER = YES;
				GCC_PREFIX_HEADER = Flat_10C__Prefix.pch;
				GCC_PREPROCESSOR_DEFINITIONS = RUN_SPECS;
				HEADER_SEARCH_PATHS = "~/src/uispec/headers";
				INFOPLIST_FILE = "Flat_10C_-Info copy.plist";
				PRODUCT_NAME = "Flat 10C";
				VALIDATE_PRODUCT = YES;
			};
			name = Release;
		};
		C01FCF4F08A954540054247B /* Debug */ = {
			isa = XCBuildConfiguration;
			buildSettings = {
				ARCHS = "$(ARCHS_STANDARD_32_BIT)";
				CODE_SIGN_IDENTITY = "Don't Code Sign";
				"CODE_SIGN_IDENTITY[sdk=iphoneos*]" = "Don't Code Sign";
				GCC_C_LANGUAGE_STANDARD = c99;
				GCC_WARN_ABOUT_RETURN_TYPE = YES;
				GCC_WARN_UNUSED_VARIABLE = YES;
				PREBINDING = NO;
				SDKROOT = iphoneos4.1;
			};
			name = Debug;
		};
		C01FCF5008A954540054247B /* Release */ = {
			isa = XCBuildConfiguration;
			buildSettings = {
				ARCHS = "$(ARCHS_STANDARD_32_BIT)";
				CODE_SIGN_IDENTITY = "Don't Code Sign";
				"CODE_SIGN_IDENTITY[sdk=iphoneos*]" = "Don't Code Sign";
				GCC_C_LANGUAGE_STANDARD = c99;
				GCC_WARN_ABOUT_RETURN_TYPE = YES;
				GCC_WARN_UNUSED_VARIABLE = YES;
				OTHER_CFLAGS = "-DNS_BLOCK_ASSERTIONS=1";
				PREBINDING = NO;
				SDKROOT = iphoneos4.1;
			};
			name = Release;
		};
/* End XCBuildConfiguration section */

/* Begin XCConfigurationList section */
		1D6058960D05DD3E006BFB54 /* Build configuration list for PBXNativeTarget "Flat 10C " */ = {
			isa = XCConfigurationList;
			buildConfigurations = (
				1D6058940D05DD3E006BFB54 /* Debug */,
				1D6058950D05DD3E006BFB54 /* Release */,
			);
			defaultConfigurationIsVisible = 0;
			defaultConfigurationName = Release;
		};
		209DD737131BFC1400D87354 /* Build configuration list for PBXNativeTarget "Flat 10C Specs" */ = {
			isa = XCConfigurationList;
			buildConfigurations = (
				209DD738131BFC1400D87354 /* Debug */,
				209DD739131BFC1400D87354 /* Release */,
			);
			defaultConfigurationIsVisible = 0;
			defaultConfigurationName = Release;
		};
		C01FCF4E08A954540054247B /* Build configuration list for PBXProject "Flat 10C " */ = {
			isa = XCConfigurationList;
			buildConfigurations = (
				C01FCF4F08A954540054247B /* Debug */,
				C01FCF5008A954540054247B /* Release */,
			);
			defaultConfigurationIsVisible = 0;
			defaultConfigurationName = Release;
		};
/* End XCConfigurationList section */
	};
	rootObject = 29B97313FDCFA39411CA2CEA /* Project object */;
}
